
Microsoft Visual Studio Solution File, Format Version 12.00
# Visual Studio Version 16
VisualStudioVersion = 16.0.28902.138
MinimumVisualStudioVersion = 10.0.40219.1
Project("{FAE04EC0-301F-11D3-BF4B-00C04F79EFBC}") = "WebApplication1", "WebApplication1\WebApplication1.csproj", "{5EB2D913-164C-4C9C-B71D-F0516FD6C0A5}"
EndProject
Project("{E24C65DC-7377-472B-9ABA-BC803B73C61A}") = "P110_CoreTravelo", "..\P110_CoreTravelo\", "{8FB120BF-7254-44A5-B529-72DD2F3B9635}"
	ProjectSection(WebsiteProperties) = preProject
		Debug.AspNetCompiler.VirtualPath = "/localhost_53636"
		Debug.AspNetCompiler.PhysicalPath = "..\P110_CoreTravelo\"
		Debug.AspNetCompiler.TargetPath = "PrecompiledWeb\localhost_53636\"
		Debug.AspNetCompiler.Updateable = "true"
		Debug.AspNetCompiler.ForceOverwrite = "true"
		Debug.AspNetCompiler.FixedNames = "false"
		Debug.AspNetCompiler.Debug = "True"
		Release.AspNetCompiler.VirtualPath = "/localhost_53636"
		Release.AspNetCompiler.PhysicalPath = "..\P110_CoreTravelo\"
		Release.AspNetCompiler.TargetPath = "PrecompiledWeb\localhost_53636\"
		Release.AspNetCompiler.Updateable = "true"
		Release.AspNetCompiler.ForceOverwrite = "true"
		Release.AspNetCompiler.FixedNames = "false"
		Release.AspNetCompiler.Debug = "False"
		VWDPort = "53636"
		SlnRelativePath = "..\P110_CoreTravelo\"
	EndProjectSection
EndProject
Global
	GlobalSection(SolutionConfigurationPlatforms) = preSolution
		Debug|Any CPU = Debug|Any CPU
		Release|Any CPU = Release|Any CPU
	EndGlobalSection
	GlobalSection(ProjectConfigurationPlatforms) = postSolution
		{5EB2D913-164C-4C9C-B71D-F0516FD6C0A5}.Debug|Any CPU.ActiveCfg = Debug|Any CPU
		{5EB2D913-164C-4C9C-B71D-F0516FD6C0A5}.Debug|Any CPU.Build.0 = Debug|Any CPU
		{5EB2D913-164C-4C9C-B71D-F0516FD6C0A5}.Release|Any CPU.ActiveCfg = Release|Any CPU
		{5EB2D913-164C-4C9C-B71D-F0516FD6C0A5}.Release|Any CPU.Build.0 = Release|Any CPU
		{8FB120BF-7254-44A5-B529-72DD2F3B9635}.Debug|Any CPU.ActiveCfg = Debug|Any CPU
		{8FB120BF-7254-44A5-B529-72DD2F3B9635}.Debug|Any CPU.Build.0 = Debug|Any CPU
		{8FB120BF-7254-44A5-B529-72DD2F3B9635}.Release|Any CPU.ActiveCfg = Debug|Any CPU
		{8FB120BF-7254-44A5-B529-72DD2F3B9635}.Release|Any CPU.Build.0 = Debug|Any CPU
	EndGlobalSection
	GlobalSection(SolutionProperties) = preSolution
		HideSolutionNode = FALSE
	EndGlobalSection
	GlobalSection(ExtensibilityGlobals) = postSolution
		SolutionGuid = {7FA8EED5-0C14-4664-9254-CF3E6E08FF34}
	EndGlobalSection
EndGlobal
